
Microsoft Visual Studio Solution File, Format Version 12.00
# Visual Studio Version 17
VisualStudioVersion = 17.8.34525.116
MinimumVisualStudioVersion = 10.0.40219.1
Project("{FAE04EC0-301F-11D3-BF4B-00C04F79EFBC}") = "ThePrototype", "ThePrototype\ThePrototype.csproj", "{1BAD8578-3279-40DE-AAB2-51455AC87862}"
EndProject
Global
	GlobalSection(SolutionConfigurationPlatforms) = preSolution
		Debug|Any CPU = Debug|Any CPU
		Release|Any CPU = Release|Any CPU
	EndGlobalSection
	GlobalSection(ProjectConfigurationPlatforms) = postSolution
		{1BAD8578-3279-40DE-AAB2-51455AC87862}.Debug|Any CPU.ActiveCfg = Debug|Any CPU
		{1BAD8578-3279-40DE-AAB2-51455AC87862}.Debug|Any CPU.Build.0 = Debug|Any CPU
		{1BAD8578-3279-40DE-AAB2-51455AC87862}.Release|Any CPU.ActiveCfg = Release|Any CPU
		{1BAD8578-3279-40DE-AAB2-51455AC87862}.Release|Any CPU.Build.0 = Release|Any CPU
	EndGlobalSection
	GlobalSection(SolutionProperties) = preSolution
		HideSolutionNode = FALSE
	EndGlobalSection
	GlobalSection(ExtensibilityGlobals) = postSolution
		SolutionGuid = {8DA4FCA1-3B8E-4EA1-BC2A-8F3D352144E6}
	EndGlobalSection
EndGlobal
