
Microsoft Visual Studio Solution File, Format Version 12.00
# Visual Studio Version 17
VisualStudioVersion = 17.8.34525.116
MinimumVisualStudioVersion = 10.0.40219.1
Project("{FAE04EC0-301F-11D3-BF4B-00C04F79EFBC}") = "The Point", "The Point\The Point.csproj", "{16FD2D83-06FD-47DC-8C9D-C697BC6034FF}"
EndProject
Global
	GlobalSection(SolutionConfigurationPlatforms) = preSolution
		Debug|Any CPU = Debug|Any CPU
		Release|Any CPU = Release|Any CPU
	EndGlobalSection
	GlobalSection(ProjectConfigurationPlatforms) = postSolution
		{16FD2D83-06FD-47DC-8C9D-C697BC6034FF}.Debug|Any CPU.ActiveCfg = Debug|Any CPU
		{16FD2D83-06FD-47DC-8C9D-C697BC6034FF}.Debug|Any CPU.Build.0 = Debug|Any CPU
		{16FD2D83-06FD-47DC-8C9D-C697BC6034FF}.Release|Any CPU.ActiveCfg = Release|Any CPU
		{16FD2D83-06FD-47DC-8C9D-C697BC6034FF}.Release|Any CPU.Build.0 = Release|Any CPU
	EndGlobalSection
	GlobalSection(SolutionProperties) = preSolution
		HideSolutionNode = FALSE
	EndGlobalSection
	GlobalSection(ExtensibilityGlobals) = postSolution
		SolutionGuid = {C9F04CC0-32E6-495C-B4A9-0884F12B3A9C}
	EndGlobalSection
EndGlobal
